
Microsoft Visual Studio Solution File, Format Version 12.00
# Visual Studio Version 16
VisualStudioVersion = 16.0.30413.136
MinimumVisualStudioVersion = 10.0.40219.1
Project("{FAE04EC0-301F-11D3-BF4B-00C04F79EFBC}") = "Tech Proj 2b", "Tech Proj 2b.csproj", "{5F8C4199-A33B-427D-ADF6-9C0FD16B67EE}"
EndProject
Global
	GlobalSection(SolutionConfigurationPlatforms) = preSolution
		Debug|Any CPU = Debug|Any CPU
		Release|Any CPU = Release|Any CPU
	EndGlobalSection
	GlobalSection(ProjectConfigurationPlatforms) = postSolution
		{5F8C4199-A33B-427D-ADF6-9C0FD16B67EE}.Debug|Any CPU.ActiveCfg = Debug|Any CPU
		{5F8C4199-A33B-427D-ADF6-9C0FD16B67EE}.Debug|Any CPU.Build.0 = Debug|Any CPU
		{5F8C4199-A33B-427D-ADF6-9C0FD16B67EE}.Release|Any CPU.ActiveCfg = Release|Any CPU
		{5F8C4199-A33B-427D-ADF6-9C0FD16B67EE}.Release|Any CPU.Build.0 = Release|Any CPU
	EndGlobalSection
	GlobalSection(SolutionProperties) = preSolution
		HideSolutionNode = FALSE
	EndGlobalSection
	GlobalSection(ExtensibilityGlobals) = postSolution
		SolutionGuid = {1D6EE939-5E2C-4410-8CFF-F4654526A2A2}
	EndGlobalSection
EndGlobal
